
Microsoft Visual Studio Solution File, Format Version 12.00
# Visual Studio 15
Project("{FAE04EC0-301F-11D3-BF4B-00C04F79EFBC}") = "Assembly-CSharp", "Assembly-CSharp.csproj", "{8AC47BA1-4669-2963-2FAD-ECA1DD2D6A5C}"
EndProject
Project("{FAE04EC0-301F-11D3-BF4B-00C04F79EFBC}") = "Assembly-CSharp-Editor", "Assembly-CSharp-Editor.csproj", "{09E48AC5-BAED-2A2C-8C36-4C75529842FA}"
EndProject
Global
	GlobalSection(SolutionConfigurationPlatforms) = preSolution
		Debug|Any CPU = Debug|Any CPU
		Release|Any CPU = Release|Any CPU
	EndGlobalSection
	GlobalSection(ProjectConfigurationPlatforms) = postSolution
		{8AC47BA1-4669-2963-2FAD-ECA1DD2D6A5C}.Debug|Any CPU.ActiveCfg = Debug|Any CPU
		{8AC47BA1-4669-2963-2FAD-ECA1DD2D6A5C}.Debug|Any CPU.Build.0 = Debug|Any CPU
		{8AC47BA1-4669-2963-2FAD-ECA1DD2D6A5C}.Release|Any CPU.ActiveCfg = Release|Any CPU
		{8AC47BA1-4669-2963-2FAD-ECA1DD2D6A5C}.Release|Any CPU.Build.0 = Release|Any CPU
		{09E48AC5-BAED-2A2C-8C36-4C75529842FA}.Debug|Any CPU.ActiveCfg = Debug|Any CPU
		{09E48AC5-BAED-2A2C-8C36-4C75529842FA}.Debug|Any CPU.Build.0 = Debug|Any CPU
		{09E48AC5-BAED-2A2C-8C36-4C75529842FA}.Release|Any CPU.ActiveCfg = Release|Any CPU
		{09E48AC5-BAED-2A2C-8C36-4C75529842FA}.Release|Any CPU.Build.0 = Release|Any CPU
	EndGlobalSection
	GlobalSection(SolutionProperties) = preSolution
		HideSolutionNode = FALSE
	EndGlobalSection
EndGlobal
